
Microsoft Visual Studio Solution File, Format Version 12.00
# Visual Studio Version 16
VisualStudioVersion = 16.0.30804.86
MinimumVisualStudioVersion = 10.0.40219.1
Project("{FAE04EC0-301F-11D3-BF4B-00C04F79EFBC}") = "Prj_Console", "Prj_Console\Prj_Console.csproj", "{317E266E-BCE5-4C71-AE93-612F654D999F}"
EndProject
Project("{FAE04EC0-301F-11D3-BF4B-00C04F79EFBC}") = "Prj_ClassLib", "Prj_ClassLib\Prj_ClassLib.csproj", "{3EB436B1-5937-4AA9-BA86-F0106A66A6F0}"
EndProject
Global
	GlobalSection(SolutionConfigurationPlatforms) = preSolution
		Debug|Any CPU = Debug|Any CPU
		Release|Any CPU = Release|Any CPU
	EndGlobalSection
	GlobalSection(ProjectConfigurationPlatforms) = postSolution
		{317E266E-BCE5-4C71-AE93-612F654D999F}.Debug|Any CPU.ActiveCfg = Debug|Any CPU
		{317E266E-BCE5-4C71-AE93-612F654D999F}.Debug|Any CPU.Build.0 = Debug|Any CPU
		{317E266E-BCE5-4C71-AE93-612F654D999F}.Release|Any CPU.ActiveCfg = Release|Any CPU
		{317E266E-BCE5-4C71-AE93-612F654D999F}.Release|Any CPU.Build.0 = Release|Any CPU
		{3EB436B1-5937-4AA9-BA86-F0106A66A6F0}.Debug|Any CPU.ActiveCfg = Debug|Any CPU
		{3EB436B1-5937-4AA9-BA86-F0106A66A6F0}.Debug|Any CPU.Build.0 = Debug|Any CPU
		{3EB436B1-5937-4AA9-BA86-F0106A66A6F0}.Release|Any CPU.ActiveCfg = Release|Any CPU
		{3EB436B1-5937-4AA9-BA86-F0106A66A6F0}.Release|Any CPU.Build.0 = Release|Any CPU
	EndGlobalSection
	GlobalSection(SolutionProperties) = preSolution
		HideSolutionNode = FALSE
	EndGlobalSection
	GlobalSection(ExtensibilityGlobals) = postSolution
		SolutionGuid = {020B52F6-4C26-419B-A4FF-533AA3307779}
	EndGlobalSection
EndGlobal
